{
  "name": "Meniuapp",
  "requires": true,
  "lockfileVersion": 1,
  "dependencies": {
    "trumbowyg": {
      "version": "2.9.4",
      "resolved": "https://registry.npmjs.org/trumbowyg/-/trumbowyg-2.9.4.tgz",
      "integrity": "sha512-lL5aFJGe1mLCOc7R2tMNwmubu/8qgKE08eixge+JTPsa6bC7nHXvyE3gpCR/RMlSfdZ7L+IRzOpECx5WL2pX+A=="
    }
  }
}
